// !$*UTF8*$!
{
	archiveVersion = 1;
	classes = {
	};
	objectVersion = 55;
	objects = {

/* Begin PBXBuildFile section */
		E202399827E0C45B00359FC3 /* ActorListResponse.swift in Sources */ = {isa = PBXBuildFile; fileRef = E202399727E0C45B00359FC3 /* ActorListResponse.swift */; };
		E2047D2E27D827B5003FCDFB /* CustomNavigationController.swift in Sources */ = {isa = PBXBuildFile; fileRef = E2047D2D27D827B5003FCDFB /* CustomNavigationController.swift */; };
		E217885D27E13AD8004F80B0 /* List.json in Resources */ = {isa = PBXBuildFile; fileRef = E217885C27E13AD8004F80B0 /* List.json */; };
		E217885F27E13B6C004F80B0 /* Detail.json in Resources */ = {isa = PBXBuildFile; fileRef = E217885E27E13B6C004F80B0 /* Detail.json */; };
		E24652BB27D0F05E00108B13 /* AppDelegate.swift in Sources */ = {isa = PBXBuildFile; fileRef = E24652BA27D0F05E00108B13 /* AppDelegate.swift */; };
		E24652C227D0F05E00108B13 /* Main.storyboard in Resources */ = {isa = PBXBuildFile; fileRef = E24652C027D0F05E00108B13 /* Main.storyboard */; };
		E24652C427D0F06000108B13 /* Assets.xcassets in Resources */ = {isa = PBXBuildFile; fileRef = E24652C327D0F06000108B13 /* Assets.xcassets */; };
		E24652C727D0F06000108B13 /* LaunchScreen.storyboard in Resources */ = {isa = PBXBuildFile; fileRef = E24652C527D0F06000108B13 /* LaunchScreen.storyboard */; };
		E24652D227D0F06000108B13 /* MoviesAppTests.swift in Sources */ = {isa = PBXBuildFile; fileRef = E24652D127D0F06000108B13 /* MoviesAppTests.swift */; };
		E24652DC27D0F06000108B13 /* MoviesAppUITests.swift in Sources */ = {isa = PBXBuildFile; fileRef = E24652DB27D0F06000108B13 /* MoviesAppUITests.swift */; };
		E24652DE27D0F06000108B13 /* MoviesAppUITestsLaunchTests.swift in Sources */ = {isa = PBXBuildFile; fileRef = E24652DD27D0F06000108B13 /* MoviesAppUITestsLaunchTests.swift */; };
		E24652F127D0F18B00108B13 /* Movie.swift in Sources */ = {isa = PBXBuildFile; fileRef = E24652F027D0F18B00108B13 /* Movie.swift */; };
		E24652F327D0F1A100108B13 /* MoviesListView.swift in Sources */ = {isa = PBXBuildFile; fileRef = E24652F227D0F1A100108B13 /* MoviesListView.swift */; };
		E24652F527D0F1B300108B13 /* MoviesListViewCell.swift in Sources */ = {isa = PBXBuildFile; fileRef = E24652F427D0F1B300108B13 /* MoviesListViewCell.swift */; };
		E24652F727D0F1C500108B13 /* MoviesListViewController.swift in Sources */ = {isa = PBXBuildFile; fileRef = E24652F627D0F1C500108B13 /* MoviesListViewController.swift */; };
		E24652F927D0F1E200108B13 /* FavoriteMoviesViewController.swift in Sources */ = {isa = PBXBuildFile; fileRef = E24652F827D0F1E200108B13 /* FavoriteMoviesViewController.swift */; };
		E24652FF27D0F3C300108B13 /* MovieDetail.swift in Sources */ = {isa = PBXBuildFile; fileRef = E24652FE27D0F3C300108B13 /* MovieDetail.swift */; };
		E246530127D0F49800108B13 /* Actor.swift in Sources */ = {isa = PBXBuildFile; fileRef = E246530027D0F49800108B13 /* Actor.swift */; };
		E246530327D0FD0C00108B13 /* TabBarController.swift in Sources */ = {isa = PBXBuildFile; fileRef = E246530227D0FD0C00108B13 /* TabBarController.swift */; };
		E246530527D115F200108B13 /* MovieDetailsView.swift in Sources */ = {isa = PBXBuildFile; fileRef = E246530427D115F200108B13 /* MovieDetailsView.swift */; };
		E246530C27D1224500108B13 /* ActorCollectionViewCell.swift in Sources */ = {isa = PBXBuildFile; fileRef = E246530B27D1224500108B13 /* ActorCollectionViewCell.swift */; };
		E246530E27D122D900108B13 /* MovieDetailViewController.swift in Sources */ = {isa = PBXBuildFile; fileRef = E246530D27D122D900108B13 /* MovieDetailViewController.swift */; };
		E246531127D13FD500108B13 /* MovieAPI.swift in Sources */ = {isa = PBXBuildFile; fileRef = E246531027D13FD500108B13 /* MovieAPI.swift */; };
		E25535F627E9347700971EA1 /* ViewCode.swift in Sources */ = {isa = PBXBuildFile; fileRef = E25535F527E9347700971EA1 /* ViewCode.swift */; };
		E260E40B27D7B4EB002544D0 /* ActorsTableViewCell.swift in Sources */ = {isa = PBXBuildFile; fileRef = E260E40A27D7B4EB002544D0 /* ActorsTableViewCell.swift */; };
		E260E40F27D7D716002544D0 /* PosterCell.swift in Sources */ = {isa = PBXBuildFile; fileRef = E260E40E27D7D716002544D0 /* PosterCell.swift */; };
		E260E41127D7D7EC002544D0 /* HeadlineCell.swift in Sources */ = {isa = PBXBuildFile; fileRef = E260E41027D7D7EC002544D0 /* HeadlineCell.swift */; };
		E260E41327D7D86E002544D0 /* SynopsisCell.swift in Sources */ = {isa = PBXBuildFile; fileRef = E260E41227D7D86E002544D0 /* SynopsisCell.swift */; };
		E262DA9C27DFE24A001CCAAE /* RequestManager.swift in Sources */ = {isa = PBXBuildFile; fileRef = E262DA9B27DFE24A001CCAAE /* RequestManager.swift */; };
		E262DA9E27E001C7001CCAAE /* MovieListResponse.swift in Sources */ = {isa = PBXBuildFile; fileRef = E262DA9D27E001C7001CCAAE /* MovieListResponse.swift */; };
		E2FF7A2727D6655900CB4652 /* MovieManager.swift in Sources */ = {isa = PBXBuildFile; fileRef = E2FF7A2627D6655900CB4652 /* MovieManager.swift */; };
/* End PBXBuildFile section */

/* Begin PBXContainerItemProxy section */
		E24652CE27D0F06000108B13 /* PBXContainerItemProxy */ = {
			isa = PBXContainerItemProxy;
			containerPortal = E24652AF27D0F05E00108B13 /* Project object */;
			proxyType = 1;
			remoteGlobalIDString = E24652B627D0F05E00108B13;
			remoteInfo = MoviesApp;
		};
		E24652D827D0F06000108B13 /* PBXContainerItemProxy */ = {
			isa = PBXContainerItemProxy;
			containerPortal = E24652AF27D0F05E00108B13 /* Project object */;
			proxyType = 1;
			remoteGlobalIDString = E24652B627D0F05E00108B13;
			remoteInfo = MoviesApp;
		};
/* End PBXContainerItemProxy section */

/* Begin PBXFileReference section */
		9634C2429ABBF3353F3118D3 /* Pods-MoviesApp.debug.xcconfig */ = {isa = PBXFileReference; includeInIndex = 1; lastKnownFileType = text.xcconfig; name = "Pods-MoviesApp.debug.xcconfig"; path = "Target Support Files/Pods-MoviesApp/Pods-MoviesApp.debug.xcconfig"; sourceTree = "<group>"; };
		D23A69B657F276EE3A13DAE6 /* Pods-MoviesApp.release.xcconfig */ = {isa = PBXFileReference; includeInIndex = 1; lastKnownFileType = text.xcconfig; name = "Pods-MoviesApp.release.xcconfig"; path = "Target Support Files/Pods-MoviesApp/Pods-MoviesApp.release.xcconfig"; sourceTree = "<group>"; };
		E202399727E0C45B00359FC3 /* ActorListResponse.swift */ = {isa = PBXFileReference; lastKnownFileType = sourcecode.swift; path = ActorListResponse.swift; sourceTree = "<group>"; };
		E2047D2D27D827B5003FCDFB /* CustomNavigationController.swift */ = {isa = PBXFileReference; lastKnownFileType = sourcecode.swift; path = CustomNavigationController.swift; sourceTree = "<group>"; };
		E217885C27E13AD8004F80B0 /* List.json */ = {isa = PBXFileReference; fileEncoding = 4; lastKnownFileType = text.json; path = List.json; sourceTree = "<group>"; };
		E217885E27E13B6C004F80B0 /* Detail.json */ = {isa = PBXFileReference; fileEncoding = 4; lastKnownFileType = text.json; path = Detail.json; sourceTree = "<group>"; };
		E24652B727D0F05E00108B13 /* MoviesApp.app */ = {isa = PBXFileReference; explicitFileType = wrapper.application; includeInIndex = 0; name = MoviesApp.app; path = "/Users/matheusvillaca/Desktop/MoviesApp.swift/build/Debug-iphoneos/MoviesApp.app"; sourceTree = "<absolute>"; };
		E24652BA27D0F05E00108B13 /* AppDelegate.swift */ = {isa = PBXFileReference; lastKnownFileType = sourcecode.swift; path = AppDelegate.swift; sourceTree = "<group>"; };
		E24652C127D0F05E00108B13 /* Base */ = {isa = PBXFileReference; lastKnownFileType = file.storyboard; name = Base; path = Base.lproj/Main.storyboard; sourceTree = "<group>"; };
		E24652C327D0F06000108B13 /* Assets.xcassets */ = {isa = PBXFileReference; lastKnownFileType = folder.assetcatalog; path = Assets.xcassets; sourceTree = "<group>"; };
		E24652C627D0F06000108B13 /* Base */ = {isa = PBXFileReference; lastKnownFileType = file.storyboard; name = Base; path = Base.lproj/LaunchScreen.storyboard; sourceTree = "<group>"; };
		E24652C827D0F06000108B13 /* Info.plist */ = {isa = PBXFileReference; lastKnownFileType = text.plist.xml; path = Info.plist; sourceTree = "<group>"; };
		E24652CD27D0F06000108B13 /* MoviesAppTests.xctest */ = {isa = PBXFileReference; explicitFileType = wrapper.cfbundle; includeInIndex = 0; name = MoviesAppTests.xctest; path = "/Users/matheusvillaca/Desktop/MoviesApp.swift/build/Debug-iphoneos/MoviesAppTests.xctest"; sourceTree = "<absolute>"; };
		E24652D127D0F06000108B13 /* MoviesAppTests.swift */ = {isa = PBXFileReference; lastKnownFileType = sourcecode.swift; path = MoviesAppTests.swift; sourceTree = "<group>"; };
		E24652D727D0F06000108B13 /* MoviesAppUITests.xctest */ = {isa = PBXFileReference; explicitFileType = wrapper.cfbundle; includeInIndex = 0; name = MoviesAppUITests.xctest; path = "/Users/matheusvillaca/Desktop/MoviesApp.swift/build/Debug-iphoneos/MoviesAppUITests.xctest"; sourceTree = "<absolute>"; };
		E24652DB27D0F06000108B13 /* MoviesAppUITests.swift */ = {isa = PBXFileReference; lastKnownFileType = sourcecode.swift; path = MoviesAppUITests.swift; sourceTree = "<group>"; };
		E24652DD27D0F06000108B13 /* MoviesAppUITestsLaunchTests.swift */ = {isa = PBXFileReference; lastKnownFileType = sourcecode.swift; path = MoviesAppUITestsLaunchTests.swift; sourceTree = "<group>"; };
		E24652F027D0F18B00108B13 /* Movie.swift */ = {isa = PBXFileReference; lastKnownFileType = sourcecode.swift; path = Movie.swift; sourceTree = "<group>"; };
		E24652F227D0F1A100108B13 /* MoviesListView.swift */ = {isa = PBXFileReference; lastKnownFileType = sourcecode.swift; path = MoviesListView.swift; sourceTree = "<group>"; };
		E24652F427D0F1B300108B13 /* MoviesListViewCell.swift */ = {isa = PBXFileReference; lastKnownFileType = sourcecode.swift; path = MoviesListViewCell.swift; sourceTree = "<group>"; };
		E24652F627D0F1C500108B13 /* MoviesListViewController.swift */ = {isa = PBXFileReference; lastKnownFileType = sourcecode.swift; path = MoviesListViewController.swift; sourceTree = "<group>"; };
		E24652F827D0F1E200108B13 /* FavoriteMoviesViewController.swift */ = {isa = PBXFileReference; lastKnownFileType = sourcecode.swift; path = FavoriteMoviesViewController.swift; sourceTree = "<group>"; };
		E24652FE27D0F3C300108B13 /* MovieDetail.swift */ = {isa = PBXFileReference; lastKnownFileType = sourcecode.swift; path = MovieDetail.swift; sourceTree = "<group>"; };
		E246530027D0F49800108B13 /* Actor.swift */ = {isa = PBXFileReference; lastKnownFileType = sourcecode.swift; path = Actor.swift; sourceTree = "<group>"; };
		E246530227D0FD0C00108B13 /* TabBarController.swift */ = {isa = PBXFileReference; lastKnownFileType = sourcecode.swift; path = TabBarController.swift; sourceTree = "<group>"; };
		E246530427D115F200108B13 /* MovieDetailsView.swift */ = {isa = PBXFileReference; lastKnownFileType = sourcecode.swift; path = MovieDetailsView.swift; sourceTree = "<group>"; };
		E246530B27D1224500108B13 /* ActorCollectionViewCell.swift */ = {isa = PBXFileReference; lastKnownFileType = sourcecode.swift; path = ActorCollectionViewCell.swift; sourceTree = "<group>"; };
		E246530D27D122D900108B13 /* MovieDetailViewController.swift */ = {isa = PBXFileReference; lastKnownFileType = sourcecode.swift; path = MovieDetailViewController.swift; sourceTree = "<group>"; };
		E246531027D13FD500108B13 /* MovieAPI.swift */ = {isa = PBXFileReference; lastKnownFileType = sourcecode.swift; path = MovieAPI.swift; sourceTree = "<group>"; };
		E25535F527E9347700971EA1 /* ViewCode.swift */ = {isa = PBXFileReference; lastKnownFileType = sourcecode.swift; path = ViewCode.swift; sourceTree = "<group>"; };
		E260E40A27D7B4EB002544D0 /* ActorsTableViewCell.swift */ = {isa = PBXFileReference; lastKnownFileType = sourcecode.swift; path = ActorsTableViewCell.swift; sourceTree = "<group>"; };
		E260E40E27D7D716002544D0 /* PosterCell.swift */ = {isa = PBXFileReference; lastKnownFileType = sourcecode.swift; path = PosterCell.swift; sourceTree = "<group>"; };
		E260E41027D7D7EC002544D0 /* HeadlineCell.swift */ = {isa = PBXFileReference; lastKnownFileType = sourcecode.swift; path = HeadlineCell.swift; sourceTree = "<group>"; };
		E260E41227D7D86E002544D0 /* SynopsisCell.swift */ = {isa = PBXFileReference; lastKnownFileType = sourcecode.swift; path = SynopsisCell.swift; sourceTree = "<group>"; };
		E262DA9B27DFE24A001CCAAE /* RequestManager.swift */ = {isa = PBXFileReference; lastKnownFileType = sourcecode.swift; path = RequestManager.swift; sourceTree = "<group>"; };
		E262DA9D27E001C7001CCAAE /* MovieListResponse.swift */ = {isa = PBXFileReference; lastKnownFileType = sourcecode.swift; path = MovieListResponse.swift; sourceTree = "<group>"; };
		E2FF7A2627D6655900CB4652 /* MovieManager.swift */ = {isa = PBXFileReference; lastKnownFileType = sourcecode.swift; path = MovieManager.swift; sourceTree = "<group>"; };
/* End PBXFileReference section */

/* Begin PBXFrameworksBuildPhase section */
		E24652B427D0F05E00108B13 /* Frameworks */ = {
			isa = PBXFrameworksBuildPhase;
			buildActionMask = 2147483647;
			files = (
			);
			runOnlyForDeploymentPostprocessing = 0;
		};
		E24652CA27D0F06000108B13 /* Frameworks */ = {
			isa = PBXFrameworksBuildPhase;
			buildActionMask = 2147483647;
			files = (
			);
			runOnlyForDeploymentPostprocessing = 0;
		};
		E24652D427D0F06000108B13 /* Frameworks */ = {
			isa = PBXFrameworksBuildPhase;
			buildActionMask = 2147483647;
			files = (
			);
			runOnlyForDeploymentPostprocessing = 0;
		};
/* End PBXFrameworksBuildPhase section */

/* Begin PBXGroup section */
		44BBD49AA884F9962CD4DD8D /* Pods */ = {
			isa = PBXGroup;
			children = (
				9634C2429ABBF3353F3118D3 /* Pods-MoviesApp.debug.xcconfig */,
				D23A69B657F276EE3A13DAE6 /* Pods-MoviesApp.release.xcconfig */,
			);
			path = Pods;
			sourceTree = "<group>";
		};
		E2047D2A27D8277C003FCDFB /* Navigation */ = {
			isa = PBXGroup;
			children = (
				E2047D2C27D8279F003FCDFB /* Controller */,
			);
			path = Navigation;
			sourceTree = "<group>";
		};
		E2047D2C27D8279F003FCDFB /* Controller */ = {
			isa = PBXGroup;
			children = (
				E2047D2D27D827B5003FCDFB /* CustomNavigationController.swift */,
			);
			path = Controller;
			sourceTree = "<group>";
		};
		E217885B27E13A9F004F80B0 /* Json */ = {
			isa = PBXGroup;
			children = (
				E217885E27E13B6C004F80B0 /* Detail.json */,
				E217885C27E13AD8004F80B0 /* List.json */,
			);
			path = Json;
			sourceTree = "<group>";
		};
		E24652AE27D0F05E00108B13 = {
			isa = PBXGroup;
			children = (
				E24652C827D0F06000108B13 /* Info.plist */,
				E25535F427E9346700971EA1 /* Protocols */,
				E24652B927D0F05E00108B13 /* MoviesApp */,
				E246531227D1463D00108B13 /* Resources */,
				E24652D027D0F06000108B13 /* MoviesAppTests */,
				E24652DA27D0F06000108B13 /* MoviesAppUITests */,
				44BBD49AA884F9962CD4DD8D /* Pods */,
			);
			sourceTree = "<group>";
		};
		E24652B927D0F05E00108B13 /* MoviesApp */ = {
			isa = PBXGroup;
			children = (
				E2047D2A27D8277C003FCDFB /* Navigation */,
				E2FF7A2527D6652E00CB4652 /* MoviesManagers */,
				E246530F27D13FC300108B13 /* MovieAPI */,
				E24652EB27D0F11F00108B13 /* MoviesList */,
				E246530627D1171E00108B13 /* MovieDetail */,
				E24652EA27D0F11C00108B13 /* FavoriteMovies */,
			);
			path = MoviesApp;
			sourceTree = "<group>";
		};
		E24652D027D0F06000108B13 /* MoviesAppTests */ = {
			isa = PBXGroup;
			children = (
				E24652D127D0F06000108B13 /* MoviesAppTests.swift */,
			);
			path = MoviesAppTests;
			sourceTree = "<group>";
		};
		E24652DA27D0F06000108B13 /* MoviesAppUITests */ = {
			isa = PBXGroup;
			children = (
				E24652DB27D0F06000108B13 /* MoviesAppUITests.swift */,
				E24652DD27D0F06000108B13 /* MoviesAppUITestsLaunchTests.swift */,
			);
			path = MoviesAppUITests;
			sourceTree = "<group>";
		};
		E24652EA27D0F11C00108B13 /* FavoriteMovies */ = {
			isa = PBXGroup;
			children = (
				E24652EF27D0F17700108B13 /* Controller */,
			);
			path = FavoriteMovies;
			sourceTree = "<group>";
		};
		E24652EB27D0F11F00108B13 /* MoviesList */ = {
			isa = PBXGroup;
			children = (
				E24652EE27D0F14C00108B13 /* Model */,
				E24652ED27D0F14900108B13 /* View */,
				E24652EC27D0F14600108B13 /* Controller */,
			);
			path = MoviesList;
			sourceTree = "<group>";
		};
		E24652EC27D0F14600108B13 /* Controller */ = {
			isa = PBXGroup;
			children = (
				E24652F627D0F1C500108B13 /* MoviesListViewController.swift */,
				E246530227D0FD0C00108B13 /* TabBarController.swift */,
			);
			path = Controller;
			sourceTree = "<group>";
		};
		E24652ED27D0F14900108B13 /* View */ = {
			isa = PBXGroup;
			children = (
				E24652F227D0F1A100108B13 /* MoviesListView.swift */,
				E24652F427D0F1B300108B13 /* MoviesListViewCell.swift */,
			);
			path = View;
			sourceTree = "<group>";
		};
		E24652EE27D0F14C00108B13 /* Model */ = {
			isa = PBXGroup;
			children = (
				E262DA9D27E001C7001CCAAE /* MovieListResponse.swift */,
				E24652F027D0F18B00108B13 /* Movie.swift */,
				E24652FE27D0F3C300108B13 /* MovieDetail.swift */,
				E246530027D0F49800108B13 /* Actor.swift */,
				E202399727E0C45B00359FC3 /* ActorListResponse.swift */,
			);
			path = Model;
			sourceTree = "<group>";
		};
		E24652EF27D0F17700108B13 /* Controller */ = {
			isa = PBXGroup;
			children = (
				E24652F827D0F1E200108B13 /* FavoriteMoviesViewController.swift */,
			);
			path = Controller;
			sourceTree = "<group>";
		};
		E246530627D1171E00108B13 /* MovieDetail */ = {
			isa = PBXGroup;
			children = (
				E246530727D1174700108B13 /* View */,
				E246530827D1175D00108B13 /* Controller */,
			);
			path = MovieDetail;
			sourceTree = "<group>";
		};
		E246530727D1174700108B13 /* View */ = {
			isa = PBXGroup;
			children = (
				E246530427D115F200108B13 /* MovieDetailsView.swift */,
				E260E40D27D7D6E9002544D0 /* CollectionViewCell */,
				E260E40C27D7D6C8002544D0 /* TableViewCells */,
			);
			path = View;
			sourceTree = "<group>";
		};
		E246530827D1175D00108B13 /* Controller */ = {
			isa = PBXGroup;
			children = (
				E246530D27D122D900108B13 /* MovieDetailViewController.swift */,
			);
			path = Controller;
			sourceTree = "<group>";
		};
		E246530F27D13FC300108B13 /* MovieAPI */ = {
			isa = PBXGroup;
			children = (
				E217885B27E13A9F004F80B0 /* Json */,
				E246531027D13FD500108B13 /* MovieAPI.swift */,
			);
			path = MovieAPI;
			sourceTree = "<group>";
		};
		E246531227D1463D00108B13 /* Resources */ = {
			isa = PBXGroup;
			children = (
				E24652BA27D0F05E00108B13 /* AppDelegate.swift */,
				E24652C027D0F05E00108B13 /* Main.storyboard */,
				E24652C327D0F06000108B13 /* Assets.xcassets */,
				E24652C527D0F06000108B13 /* LaunchScreen.storyboard */,
			);
			path = Resources;
			sourceTree = "<group>";
		};
		E25535F427E9346700971EA1 /* Protocols */ = {
			isa = PBXGroup;
			children = (
				E25535F527E9347700971EA1 /* ViewCode.swift */,
			);
			path = Protocols;
			sourceTree = "<group>";
		};
		E260E40C27D7D6C8002544D0 /* TableViewCells */ = {
			isa = PBXGroup;
			children = (
				E260E40A27D7B4EB002544D0 /* ActorsTableViewCell.swift */,
				E260E40E27D7D716002544D0 /* PosterCell.swift */,
				E260E41027D7D7EC002544D0 /* HeadlineCell.swift */,
				E260E41227D7D86E002544D0 /* SynopsisCell.swift */,
			);
			path = TableViewCells;
			sourceTree = "<group>";
		};
		E260E40D27D7D6E9002544D0 /* CollectionViewCell */ = {
			isa = PBXGroup;
			children = (
				E246530B27D1224500108B13 /* ActorCollectionViewCell.swift */,
			);
			path = CollectionViewCell;
			sourceTree = "<group>";
		};
		E2FF7A2527D6652E00CB4652 /* MoviesManagers */ = {
			isa = PBXGroup;
			children = (
				E2FF7A2627D6655900CB4652 /* MovieManager.swift */,
				E262DA9B27DFE24A001CCAAE /* RequestManager.swift */,
			);
			path = MoviesManagers;
			sourceTree = "<group>";
		};
/* End PBXGroup section */

/* Begin PBXNativeTarget section */
		E24652B627D0F05E00108B13 /* MoviesApp */ = {
			isa = PBXNativeTarget;
			buildConfigurationList = E24652E127D0F06000108B13 /* Build configuration list for PBXNativeTarget "MoviesApp" */;
			buildPhases = (
				31040CBC17F7DE45F9199A66 /* [CP] Check Pods Manifest.lock */,
				E24652B327D0F05E00108B13 /* Sources */,
				E24652B427D0F05E00108B13 /* Frameworks */,
				E24652B527D0F05E00108B13 /* Resources */,
				B3F2224E05F46E323585E807 /* [CP] Embed Pods Frameworks */,
			);
			buildRules = (
			);
			dependencies = (
			);
			name = MoviesApp;
			productName = MoviesApp;
			productReference = E24652B727D0F05E00108B13 /* MoviesApp.app */;
			productType = "com.apple.product-type.application";
		};
		E24652CC27D0F06000108B13 /* MoviesAppTests */ = {
			isa = PBXNativeTarget;
			buildConfigurationList = E24652E427D0F06000108B13 /* Build configuration list for PBXNativeTarget "MoviesAppTests" */;
			buildPhases = (
				E24652C927D0F06000108B13 /* Sources */,
				E24652CA27D0F06000108B13 /* Frameworks */,
				E24652CB27D0F06000108B13 /* Resources */,
			);
			buildRules = (
			);
			dependencies = (
				E24652CF27D0F06000108B13 /* PBXTargetDependency */,
			);
			name = MoviesAppTests;
			productName = MoviesAppTests;
			productReference = E24652CD27D0F06000108B13 /* MoviesAppTests.xctest */;
			productType = "com.apple.product-type.bundle.unit-test";
		};
		E24652D627D0F06000108B13 /* MoviesAppUITests */ = {
			isa = PBXNativeTarget;
			buildConfigurationList = E24652E727D0F06000108B13 /* Build configuration list for PBXNativeTarget "MoviesAppUITests" */;
			buildPhases = (
				E24652D327D0F06000108B13 /* Sources */,
				E24652D427D0F06000108B13 /* Frameworks */,
				E24652D527D0F06000108B13 /* Resources */,
			);
			buildRules = (
			);
			dependencies = (
				E24652D927D0F06000108B13 /* PBXTargetDependency */,
			);
			name = MoviesAppUITests;
			productName = MoviesAppUITests;
			productReference = E24652D727D0F06000108B13 /* MoviesAppUITests.xctest */;
			productType = "com.apple.product-type.bundle.ui-testing";
		};
/* End PBXNativeTarget section */

/* Begin PBXProject section */
		E24652AF27D0F05E00108B13 /* Project object */ = {
			isa = PBXProject;
			attributes = {
				BuildIndependentTargetsInParallel = 1;
				LastSwiftUpdateCheck = 1320;
				LastUpgradeCheck = 1320;
				TargetAttributes = {
					E24652B627D0F05E00108B13 = {
						CreatedOnToolsVersion = 13.2.1;
					};
					E24652CC27D0F06000108B13 = {
						CreatedOnToolsVersion = 13.2.1;
						TestTargetID = E24652B627D0F05E00108B13;
					};
					E24652D627D0F06000108B13 = {
						CreatedOnToolsVersion = 13.2.1;
						TestTargetID = E24652B627D0F05E00108B13;
					};
				};
			};
			buildConfigurationList = E24652B227D0F05E00108B13 /* Build configuration list for PBXProject "MoviesApp" */;
			compatibilityVersion = "Xcode 13.0";
			developmentRegion = en;
			hasScannedForEncodings = 0;
			knownRegions = (
				en,
				Base,
			);
			mainGroup = E24652AE27D0F05E00108B13;
			productRefGroup = E24652AE27D0F05E00108B13;
			projectDirPath = "";
			projectRoot = "";
			targets = (
				E24652B627D0F05E00108B13 /* MoviesApp */,
				E24652CC27D0F06000108B13 /* MoviesAppTests */,
				E24652D627D0F06000108B13 /* MoviesAppUITests */,
			);
		};
/* End PBXProject section */

/* Begin PBXResourcesBuildPhase section */
		E24652B527D0F05E00108B13 /* Resources */ = {
			isa = PBXResourcesBuildPhase;
			buildActionMask = 2147483647;
			files = (
				E24652C727D0F06000108B13 /* LaunchScreen.storyboard in Resources */,
				E217885D27E13AD8004F80B0 /* List.json in Resources */,
				E24652C427D0F06000108B13 /* Assets.xcassets in Resources */,
				E24652C227D0F05E00108B13 /* Main.storyboard in Resources */,
				E217885F27E13B6C004F80B0 /* Detail.json in Resources */,
			);
			runOnlyForDeploymentPostprocessing = 0;
		};
		E24652CB27D0F06000108B13 /* Resources */ = {
			isa = PBXResourcesBuildPhase;
			buildActionMask = 2147483647;
			files = (
			);
			runOnlyForDeploymentPostprocessing = 0;
		};
		E24652D527D0F06000108B13 /* Resources */ = {
			isa = PBXResourcesBuildPhase;
			buildActionMask = 2147483647;
			files = (
			);
			runOnlyForDeploymentPostprocessing = 0;
		};
/* End PBXResourcesBuildPhase section */

/* Begin PBXShellScriptBuildPhase section */
		31040CBC17F7DE45F9199A66 /* [CP] Check Pods Manifest.lock */ = {
			isa = PBXShellScriptBuildPhase;
			buildActionMask = 2147483647;
			files = (
			);
			inputFileListPaths = (
			);
			inputPaths = (
				"${PODS_PODFILE_DIR_PATH}/Podfile.lock",
				"${PODS_ROOT}/Manifest.lock",
			);
			name = "[CP] Check Pods Manifest.lock";
			outputFileListPaths = (
			);
			outputPaths = (
				"$(DERIVED_FILE_DIR)/Pods-MoviesApp-checkManifestLockResult.txt",
			);
			runOnlyForDeploymentPostprocessing = 0;
			shellPath = /bin/sh;
			shellScript = "diff \"${PODS_PODFILE_DIR_PATH}/Podfile.lock\" \"${PODS_ROOT}/Manifest.lock\" > /dev/null\nif [ $? != 0 ] ; then\n    # print error to STDERR\n    echo \"error: The sandbox is not in sync with the Podfile.lock. Run 'pod install' or update your CocoaPods installation.\" >&2\n    exit 1\nfi\n# This output is used by Xcode 'outputs' to avoid re-running this script phase.\necho \"SUCCESS\" > \"${SCRIPT_OUTPUT_FILE_0}\"\n";
			showEnvVarsInLog = 0;
		};
		B3F2224E05F46E323585E807 /* [CP] Embed Pods Frameworks */ = {
			isa = PBXShellScriptBuildPhase;
			buildActionMask = 2147483647;
			files = (
			);
			inputFileListPaths = (
				"${PODS_ROOT}/Target Support Files/Pods-MoviesApp/Pods-MoviesApp-frameworks-${CONFIGURATION}-input-files.xcfilelist",
			);
			name = "[CP] Embed Pods Frameworks";
			outputFileListPaths = (
				"${PODS_ROOT}/Target Support Files/Pods-MoviesApp/Pods-MoviesApp-frameworks-${CONFIGURATION}-output-files.xcfilelist",
			);
			runOnlyForDeploymentPostprocessing = 0;
			shellPath = /bin/sh;
			shellScript = "\"${PODS_ROOT}/Target Support Files/Pods-MoviesApp/Pods-MoviesApp-frameworks.sh\"\n";
			showEnvVarsInLog = 0;
		};
/* End PBXShellScriptBuildPhase section */

/* Begin PBXSourcesBuildPhase section */
		E24652B327D0F05E00108B13 /* Sources */ = {
			isa = PBXSourcesBuildPhase;
			buildActionMask = 2147483647;
			files = (
				E246530127D0F49800108B13 /* Actor.swift in Sources */,
				E246531127D13FD500108B13 /* MovieAPI.swift in Sources */,
				E24652F327D0F1A100108B13 /* MoviesListView.swift in Sources */,
				E246530527D115F200108B13 /* MovieDetailsView.swift in Sources */,
				E2FF7A2727D6655900CB4652 /* MovieManager.swift in Sources */,
				E262DA9E27E001C7001CCAAE /* MovieListResponse.swift in Sources */,
				E25535F627E9347700971EA1 /* ViewCode.swift in Sources */,
				E260E41327D7D86E002544D0 /* SynopsisCell.swift in Sources */,
				E24652F527D0F1B300108B13 /* MoviesListViewCell.swift in Sources */,
				E246530E27D122D900108B13 /* MovieDetailViewController.swift in Sources */,
				E246530327D0FD0C00108B13 /* TabBarController.swift in Sources */,
				E260E40F27D7D716002544D0 /* PosterCell.swift in Sources */,
				E24652FF27D0F3C300108B13 /* MovieDetail.swift in Sources */,
				E24652F727D0F1C500108B13 /* MoviesListViewController.swift in Sources */,
				E260E40B27D7B4EB002544D0 /* ActorsTableViewCell.swift in Sources */,
				E202399827E0C45B00359FC3 /* ActorListResponse.swift in Sources */,
				E24652BB27D0F05E00108B13 /* AppDelegate.swift in Sources */,
				E260E41127D7D7EC002544D0 /* HeadlineCell.swift in Sources */,
				E24652F927D0F1E200108B13 /* FavoriteMoviesViewController.swift in Sources */,
				E2047D2E27D827B5003FCDFB /* CustomNavigationController.swift in Sources */,
				E24652F127D0F18B00108B13 /* Movie.swift in Sources */,
				E262DA9C27DFE24A001CCAAE /* RequestManager.swift in Sources */,
				E246530C27D1224500108B13 /* ActorCollectionViewCell.swift in Sources */,
			);
			runOnlyForDeploymentPostprocessing = 0;
		};
		E24652C927D0F06000108B13 /* Sources */ = {
			isa = PBXSourcesBuildPhase;
			buildActionMask = 2147483647;
			files = (
				E24652D227D0F06000108B13 /* MoviesAppTests.swift in Sources */,
			);
			runOnlyForDeploymentPostprocessing = 0;
		};
		E24652D327D0F06000108B13 /* Sources */ = {
			isa = PBXSourcesBuildPhase;
			buildActionMask = 2147483647;
			files = (
				E24652DC27D0F06000108B13 /* MoviesAppUITests.swift in Sources */,
				E24652DE27D0F06000108B13 /* MoviesAppUITestsLaunchTests.swift in Sources */,
			);
			runOnlyForDeploymentPostprocessing = 0;
		};
/* End PBXSourcesBuildPhase section */

/* Begin PBXTargetDependency section */
		E24652CF27D0F06000108B13 /* PBXTargetDependency */ = {
			isa = PBXTargetDependency;
			target = E24652B627D0F05E00108B13 /* MoviesApp */;
			targetProxy = E24652CE27D0F06000108B13 /* PBXContainerItemProxy */;
		};
		E24652D927D0F06000108B13 /* PBXTargetDependency */ = {
			isa = PBXTargetDependency;
			target = E24652B627D0F05E00108B13 /* MoviesApp */;
			targetProxy = E24652D827D0F06000108B13 /* PBXContainerItemProxy */;
		};
/* End PBXTargetDependency section */

/* Begin PBXVariantGroup section */
		E24652C027D0F05E00108B13 /* Main.storyboard */ = {
			isa = PBXVariantGroup;
			children = (
				E24652C127D0F05E00108B13 /* Base */,
			);
			name = Main.storyboard;
			sourceTree = "<group>";
		};
		E24652C527D0F06000108B13 /* LaunchScreen.storyboard */ = {
			isa = PBXVariantGroup;
			children = (
				E24652C627D0F06000108B13 /* Base */,
			);
			name = LaunchScreen.storyboard;
			sourceTree = "<group>";
		};
/* End PBXVariantGroup section */

/* Begin XCBuildConfiguration section */
		E24652DF27D0F06000108B13 /* Debug */ = {
			isa = XCBuildConfiguration;
			buildSettings = {
				ALWAYS_SEARCH_USER_PATHS = NO;
				CLANG_ANALYZER_NONNULL = YES;
				CLANG_ANALYZER_NUMBER_OBJECT_CONVERSION = YES_AGGRESSIVE;
				CLANG_CXX_LANGUAGE_STANDARD = "gnu++17";
				CLANG_CXX_LIBRARY = "libc++";
				CLANG_ENABLE_MODULES = YES;
				CLANG_ENABLE_OBJC_ARC = YES;
				CLANG_ENABLE_OBJC_WEAK = YES;
				CLANG_WARN_BLOCK_CAPTURE_AUTORELEASING = YES;
				CLANG_WARN_BOOL_CONVERSION = YES;
				CLANG_WARN_COMMA = YES;
				CLANG_WARN_CONSTANT_CONVERSION = YES;
				CLANG_WARN_DEPRECATED_OBJC_IMPLEMENTATIONS = YES;
				CLANG_WARN_DIRECT_OBJC_ISA_USAGE = YES_ERROR;
				CLANG_WARN_DOCUMENTATION_COMMENTS = YES;
				CLANG_WARN_EMPTY_BODY = YES;
				CLANG_WARN_ENUM_CONVERSION = YES;
				CLANG_WARN_INFINITE_RECURSION = YES;
				CLANG_WARN_INT_CONVERSION = YES;
				CLANG_WARN_NON_LITERAL_NULL_CONVERSION = YES;
				CLANG_WARN_OBJC_IMPLICIT_RETAIN_SELF = YES;
				CLANG_WARN_OBJC_LITERAL_CONVERSION = YES;
				CLANG_WARN_OBJC_ROOT_CLASS = YES_ERROR;
				CLANG_WARN_QUOTED_INCLUDE_IN_FRAMEWORK_HEADER = YES;
				CLANG_WARN_RANGE_LOOP_ANALYSIS = YES;
				CLANG_WARN_STRICT_PROTOTYPES = YES;
				CLANG_WARN_SUSPICIOUS_MOVE = YES;
				CLANG_WARN_UNGUARDED_AVAILABILITY = YES_AGGRESSIVE;
				CLANG_WARN_UNREACHABLE_CODE = YES;
				CLANG_WARN__DUPLICATE_METHOD_MATCH = YES;
				COPY_PHASE_STRIP = NO;
				DEBUG_INFORMATION_FORMAT = dwarf;
				ENABLE_STRICT_OBJC_MSGSEND = YES;
				ENABLE_TESTABILITY = YES;
				GCC_C_LANGUAGE_STANDARD = gnu11;
				GCC_DYNAMIC_NO_PIC = NO;
				GCC_NO_COMMON_BLOCKS = YES;
				GCC_OPTIMIZATION_LEVEL = 0;
				GCC_PREPROCESSOR_DEFINITIONS = (
					"DEBUG=1",
					"$(inherited)",
				);
				GCC_WARN_64_TO_32_BIT_CONVERSION = YES;
				GCC_WARN_ABOUT_RETURN_TYPE = YES_ERROR;
				GCC_WARN_UNDECLARED_SELECTOR = YES;
				GCC_WARN_UNINITIALIZED_AUTOS = YES_AGGRESSIVE;
				GCC_WARN_UNUSED_FUNCTION = YES;
				GCC_WARN_UNUSED_VARIABLE = YES;
				INFOPLIST_FILE = "";
				IPHONEOS_DEPLOYMENT_TARGET = 15.2;
				MTL_ENABLE_DEBUG_INFO = INCLUDE_SOURCE;
				MTL_FAST_MATH = YES;
				ONLY_ACTIVE_ARCH = YES;
				SDKROOT = iphoneos;
				SWIFT_ACTIVE_COMPILATION_CONDITIONS = DEBUG;
				SWIFT_OPTIMIZATION_LEVEL = "-Onone";
			};
			name = Debug;
		};
		E24652E027D0F06000108B13 /* Release */ = {
			isa = XCBuildConfiguration;
			buildSettings = {
				ALWAYS_SEARCH_USER_PATHS = NO;
				CLANG_ANALYZER_NONNULL = YES;
				CLANG_ANALYZER_NUMBER_OBJECT_CONVERSION = YES_AGGRESSIVE;
				CLANG_CXX_LANGUAGE_STANDARD = "gnu++17";
				CLANG_CXX_LIBRARY = "libc++";
				CLANG_ENABLE_MODULES = YES;
				CLANG_ENABLE_OBJC_ARC = YES;
				CLANG_ENABLE_OBJC_WEAK = YES;
				CLANG_WARN_BLOCK_CAPTURE_AUTORELEASING = YES;
				CLANG_WARN_BOOL_CONVERSION = YES;
				CLANG_WARN_COMMA = YES;
				CLANG_WARN_CONSTANT_CONVERSION = YES;
				CLANG_WARN_DEPRECATED_OBJC_IMPLEMENTATIONS = YES;
				CLANG_WARN_DIRECT_OBJC_ISA_USAGE = YES_ERROR;
				CLANG_WARN_DOCUMENTATION_COMMENTS = YES;
				CLANG_WARN_EMPTY_BODY = YES;
				CLANG_WARN_ENUM_CONVERSION = YES;
				CLANG_WARN_INFINITE_RECURSION = YES;
				CLANG_WARN_INT_CONVERSION = YES;
				CLANG_WARN_NON_LITERAL_NULL_CONVERSION = YES;
				CLANG_WARN_OBJC_IMPLICIT_RETAIN_SELF = YES;
				CLANG_WARN_OBJC_LITERAL_CONVERSION = YES;
				CLANG_WARN_OBJC_ROOT_CLASS = YES_ERROR;
				CLANG_WARN_QUOTED_INCLUDE_IN_FRAMEWORK_HEADER = YES;
				CLANG_WARN_RANGE_LOOP_ANALYSIS = YES;
				CLANG_WARN_STRICT_PROTOTYPES = YES;
				CLANG_WARN_SUSPICIOUS_MOVE = YES;
				CLANG_WARN_UNGUARDED_AVAILABILITY = YES_AGGRESSIVE;
				CLANG_WARN_UNREACHABLE_CODE = YES;
				CLANG_WARN__DUPLICATE_METHOD_MATCH = YES;
				COPY_PHASE_STRIP = NO;
				DEBUG_INFORMATION_FORMAT = "dwarf-with-dsym";
				ENABLE_NS_ASSERTIONS = NO;
				ENABLE_STRICT_OBJC_MSGSEND = YES;
				GCC_C_LANGUAGE_STANDARD = gnu11;
				GCC_NO_COMMON_BLOCKS = YES;
				GCC_WARN_64_TO_32_BIT_CONVERSION = YES;
				GCC_WARN_ABOUT_RETURN_TYPE = YES_ERROR;
				GCC_WARN_UNDECLARED_SELECTOR = YES;
				GCC_WARN_UNINITIALIZED_AUTOS = YES_AGGRESSIVE;
				GCC_WARN_UNUSED_FUNCTION = YES;
				GCC_WARN_UNUSED_VARIABLE = YES;
				INFOPLIST_FILE = "";
				IPHONEOS_DEPLOYMENT_TARGET = 15.2;
				MTL_ENABLE_DEBUG_INFO = NO;
				MTL_FAST_MATH = YES;
				SDKROOT = iphoneos;
				SWIFT_COMPILATION_MODE = wholemodule;
				SWIFT_OPTIMIZATION_LEVEL = "-O";
				VALIDATE_PRODUCT = YES;
			};
			name = Release;
		};
		E24652E227D0F06000108B13 /* Debug */ = {
			isa = XCBuildConfiguration;
			baseConfigurationReference = 9634C2429ABBF3353F3118D3 /* Pods-MoviesApp.debug.xcconfig */;
			buildSettings = {
				ASSETCATALOG_COMPILER_APPICON_NAME = AppIcon;
				ASSETCATALOG_COMPILER_GLOBAL_ACCENT_COLOR_NAME = AccentColor;
				CODE_SIGN_STYLE = Automatic;
				CURRENT_PROJECT_VERSION = 1;
				GENERATE_INFOPLIST_FILE = YES;
				INFOPLIST_FILE = "";
				INFOPLIST_KEY_UIApplicationSupportsIndirectInputEvents = YES;
				INFOPLIST_KEY_UILaunchStoryboardName = LaunchScreen;
				INFOPLIST_KEY_UIMainStoryboardFile = Main;
				INFOPLIST_KEY_UISupportedInterfaceOrientations_iPad = "UIInterfaceOrientationPortrait UIInterfaceOrientationPortraitUpsideDown UIInterfaceOrientationLandscapeLeft UIInterfaceOrientationLandscapeRight";
				INFOPLIST_KEY_UISupportedInterfaceOrientations_iPhone = "UIInterfaceOrientationPortrait UIInterfaceOrientationLandscapeLeft UIInterfaceOrientationLandscapeRight";
				LD_RUNPATH_SEARCH_PATHS = (
					"$(inherited)",
					"@executable_path/Frameworks",
				);
				MARKETING_VERSION = 1.0;
				PRODUCT_BUNDLE_IDENTIFIER = matheusvillaca.MoviesApp.MoviesApp;
				PRODUCT_NAME = "$(TARGET_NAME)";
				SWIFT_EMIT_LOC_STRINGS = YES;
				SWIFT_VERSION = 5.0;
				TARGETED_DEVICE_FAMILY = "1,2";
			};
			name = Debug;
		};
		E24652E327D0F06000108B13 /* Release */ = {
			isa = XCBuildConfiguration;
			baseConfigurationReference = D23A69B657F276EE3A13DAE6 /* Pods-MoviesApp.release.xcconfig */;
			buildSettings = {
				ASSETCATALOG_COMPILER_APPICON_NAME = AppIcon;
				ASSETCATALOG_COMPILER_GLOBAL_ACCENT_COLOR_NAME = AccentColor;
				CODE_SIGN_STYLE = Automatic;
				CURRENT_PROJECT_VERSION = 1;
				GENERATE_INFOPLIST_FILE = YES;
				INFOPLIST_FILE = "";
				INFOPLIST_KEY_UIApplicationSupportsIndirectInputEvents = YES;
				INFOPLIST_KEY_UILaunchStoryboardName = LaunchScreen;
				INFOPLIST_KEY_UIMainStoryboardFile = Main;
				INFOPLIST_KEY_UISupportedInterfaceOrientations_iPad = "UIInterfaceOrientationPortrait UIInterfaceOrientationPortraitUpsideDown UIInterfaceOrientationLandscapeLeft UIInterfaceOrientationLandscapeRight";
				INFOPLIST_KEY_UISupportedInterfaceOrientations_iPhone = "UIInterfaceOrientationPortrait UIInterfaceOrientationLandscapeLeft UIInterfaceOrientationLandscapeRight";
				LD_RUNPATH_SEARCH_PATHS = (
					"$(inherited)",
					"@executable_path/Frameworks",
				);
				MARKETING_VERSION = 1.0;
				PRODUCT_BUNDLE_IDENTIFIER = matheusvillaca.MoviesApp.MoviesApp;
				PRODUCT_NAME = "$(TARGET_NAME)";
				SWIFT_EMIT_LOC_STRINGS = YES;
				SWIFT_VERSION = 5.0;
				TARGETED_DEVICE_FAMILY = "1,2";
			};
			name = Release;
		};
		E24652E527D0F06000108B13 /* Debug */ = {
			isa = XCBuildConfiguration;
			buildSettings = {
				ALWAYS_EMBED_SWIFT_STANDARD_LIBRARIES = YES;
				BUNDLE_LOADER = "$(TEST_HOST)";
				CODE_SIGN_STYLE = Automatic;
				CURRENT_PROJECT_VERSION = 1;
				GENERATE_INFOPLIST_FILE = YES;
				IPHONEOS_DEPLOYMENT_TARGET = 15.2;
				MARKETING_VERSION = 1.0;
				PRODUCT_BUNDLE_IDENTIFIER = matheusvillaca.MoviesAppTests;
				PRODUCT_NAME = "$(TARGET_NAME)";
				SWIFT_EMIT_LOC_STRINGS = NO;
				SWIFT_VERSION = 5.0;
				TARGETED_DEVICE_FAMILY = "1,2";
				TEST_HOST = "$(BUILT_PRODUCTS_DIR)/MoviesApp.app/MoviesApp";
			};
			name = Debug;
		};
		E24652E627D0F06000108B13 /* Release */ = {
			isa = XCBuildConfiguration;
			buildSettings = {
				ALWAYS_EMBED_SWIFT_STANDARD_LIBRARIES = YES;
				BUNDLE_LOADER = "$(TEST_HOST)";
				CODE_SIGN_STYLE = Automatic;
				CURRENT_PROJECT_VERSION = 1;
				GENERATE_INFOPLIST_FILE = YES;
				IPHONEOS_DEPLOYMENT_TARGET = 15.2;
				MARKETING_VERSION = 1.0;
				PRODUCT_BUNDLE_IDENTIFIER = matheusvillaca.MoviesAppTests;
				PRODUCT_NAME = "$(TARGET_NAME)";
				SWIFT_EMIT_LOC_STRINGS = NO;
				SWIFT_VERSION = 5.0;
				TARGETED_DEVICE_FAMILY = "1,2";
				TEST_HOST = "$(BUILT_PRODUCTS_DIR)/MoviesApp.app/MoviesApp";
			};
			name = Release;
		};
		E24652E827D0F06000108B13 /* Debug */ = {
			isa = XCBuildConfiguration;
			buildSettings = {
				ALWAYS_EMBED_SWIFT_STANDARD_LIBRARIES = YES;
				CODE_SIGN_STYLE = Automatic;
				CURRENT_PROJECT_VERSION = 1;
				GENERATE_INFOPLIST_FILE = YES;
				MARKETING_VERSION = 1.0;
				PRODUCT_BUNDLE_IDENTIFIER = matheusvillaca.MoviesAppUITests;
				PRODUCT_NAME = "$(TARGET_NAME)";
				SWIFT_EMIT_LOC_STRINGS = NO;
				SWIFT_VERSION = 5.0;
				TARGETED_DEVICE_FAMILY = "1,2";
				TEST_TARGET_NAME = MoviesApp;
			};
			name = Debug;
		};
		E24652E927D0F06000108B13 /* Release */ = {
			isa = XCBuildConfiguration;
			buildSettings = {
				ALWAYS_EMBED_SWIFT_STANDARD_LIBRARIES = YES;
				CODE_SIGN_STYLE = Automatic;
				CURRENT_PROJECT_VERSION = 1;
				GENERATE_INFOPLIST_FILE = YES;
				MARKETING_VERSION = 1.0;
				PRODUCT_BUNDLE_IDENTIFIER = matheusvillaca.MoviesAppUITests;
				PRODUCT_NAME = "$(TARGET_NAME)";
				SWIFT_EMIT_LOC_STRINGS = NO;
				SWIFT_VERSION = 5.0;
				TARGETED_DEVICE_FAMILY = "1,2";
				TEST_TARGET_NAME = MoviesApp;
			};
			name = Release;
		};
/* End XCBuildConfiguration section */

/* Begin XCConfigurationList section */
		E24652B227D0F05E00108B13 /* Build configuration list for PBXProject "MoviesApp" */ = {
			isa = XCConfigurationList;
			buildConfigurations = (
				E24652DF27D0F06000108B13 /* Debug */,
				E24652E027D0F06000108B13 /* Release */,
			);
			defaultConfigurationIsVisible = 0;
			defaultConfigurationName = Release;
		};
		E24652E127D0F06000108B13 /* Build configuration list for PBXNativeTarget "MoviesApp" */ = {
			isa = XCConfigurationList;
			buildConfigurations = (
				E24652E227D0F06000108B13 /* Debug */,
				E24652E327D0F06000108B13 /* Release */,
			);
			defaultConfigurationIsVisible = 0;
			defaultConfigurationName = Release;
		};
		E24652E427D0F06000108B13 /* Build configuration list for PBXNativeTarget "MoviesAppTests" */ = {
			isa = XCConfigurationList;
			buildConfigurations = (
				E24652E527D0F06000108B13 /* Debug */,
				E24652E627D0F06000108B13 /* Release */,
			);
			defaultConfigurationIsVisible = 0;
			defaultConfigurationName = Release;
		};
		E24652E727D0F06000108B13 /* Build configuration list for PBXNativeTarget "MoviesAppUITests" */ = {
			isa = XCConfigurationList;
			buildConfigurations = (
				E24652E827D0F06000108B13 /* Debug */,
				E24652E927D0F06000108B13 /* Release */,
			);
			defaultConfigurationIsVisible = 0;
			defaultConfigurationName = Release;
		};
/* End XCConfigurationList section */
	};
	rootObject = E24652AF27D0F05E00108B13 /* Project object */;
}
